
Microsoft Visual Studio Solution File, Format Version 12.00
# Visual Studio Version 16
VisualStudioVersion = 16.0.30621.155
MinimumVisualStudioVersion = 10.0.40219.1
Project("{9A19103F-16F7-4668-BE54-9A1E7A4F7556}") = "DiskInventory", "DiskInventory\DiskInventory.csproj", "{9453E5C1-8750-426C-A86C-39B857D1BAF0}"
EndProject
Global
	GlobalSection(SolutionConfigurationPlatforms) = preSolution
		Debug|Any CPU = Debug|Any CPU
		Release|Any CPU = Release|Any CPU
	EndGlobalSection
	GlobalSection(ProjectConfigurationPlatforms) = postSolution
		{9453E5C1-8750-426C-A86C-39B857D1BAF0}.Debug|Any CPU.ActiveCfg = Debug|Any CPU
		{9453E5C1-8750-426C-A86C-39B857D1BAF0}.Debug|Any CPU.Build.0 = Debug|Any CPU
		{9453E5C1-8750-426C-A86C-39B857D1BAF0}.Release|Any CPU.ActiveCfg = Release|Any CPU
		{9453E5C1-8750-426C-A86C-39B857D1BAF0}.Release|Any CPU.Build.0 = Release|Any CPU
	EndGlobalSection
	GlobalSection(SolutionProperties) = preSolution
		HideSolutionNode = FALSE
	EndGlobalSection
	GlobalSection(ExtensibilityGlobals) = postSolution
		SolutionGuid = {E683DADD-EE71-44D6-BFD5-8166EAA8B16B}
	EndGlobalSection
EndGlobal
